// !$*UTF8*$!
{
	archiveVersion = 1;
	classes = {
	};
	objectVersion = 46;
	objects = {

/* Begin PBXAggregateTarget section */
		C8CD1F7413C1977B0069DB09 /* SDKDistributable */ = {
			isa = PBXAggregateTarget;
			buildConfigurationList = C8CD1F7513C1977B0069DB09 /* Build configuration list for PBXAggregateTarget "SDKDistributable" */;
			buildPhases = (
			);
			dependencies = (
			);
			name = SDKDistributable;
			productName = SDKDistributable;
		};
/* End PBXAggregateTarget section */

/* Begin PBXContainerItemProxy section */
		C801E8BC14D8CE93001D34E2 /* PBXContainerItemProxy */ = {
			isa = PBXContainerItemProxy;
			containerPortal = C8E09AEF14D76C2600A905E9 /* AEExtensionStub.xcodeproj */;
			proxyType = 2;
			remoteGlobalIDString = C811704014D7909F005E2268;
			remoteInfo = CosmicImpact;
		};
		C838383014D7442D00FA3FA6 /* PBXContainerItemProxy */ = {
			isa = PBXContainerItemProxy;
			containerPortal = C86DE8B613C6B68A00F5C7B0 /* AEPlayerApp.xcodeproj */;
			proxyType = 2;
			remoteGlobalIDString = C86DE89213C6B68A00F5C7B0;
			remoteInfo = AEPlayerApp;
		};
		C838383C14D7442D00FA3FA6 /* PBXContainerItemProxy */ = {
			isa = PBXContainerItemProxy;
			containerPortal = C8CD1FCB13C197C20069DB09 /* iAEPlayer.xcodeproj */;
			proxyType = 2;
			remoteGlobalIDString = C8CD1F8313C197C10069DB09;
			remoteInfo = iAEPlayer;
		};
		C838383E14D7442D00FA3FA6 /* PBXContainerItemProxy */ = {
			isa = PBXContainerItemProxy;
			containerPortal = C8CD1FCB13C197C20069DB09 /* iAEPlayer.xcodeproj */;
			proxyType = 2;
			remoteGlobalIDString = C8CD1FB213C197C20069DB09;
			remoteInfo = iAEPlayerTests;
		};
		C8E09AF314D76C2700A905E9 /* PBXContainerItemProxy */ = {
			isa = PBXContainerItemProxy;
			containerPortal = C8E09AEF14D76C2600A905E9 /* AEExtensionStub.xcodeproj */;
			proxyType = 2;
			remoteGlobalIDString = C8E09ADF14D76C2600A905E9;
			remoteInfo = AEExtensionStub;
		};
/* End PBXContainerItemProxy section */

/* Begin PBXFileReference section */
		C86DE8B613C6B68A00F5C7B0 /* AEPlayerApp.xcodeproj */ = {isa = PBXFileReference; lastKnownFileType = "wrapper.pb-project"; name = AEPlayerApp.xcodeproj; path = AEPlayerApp/AEPlayerApp.xcodeproj; sourceTree = "<group>"; };
		C8CD1FCB13C197C20069DB09 /* iAEPlayer.xcodeproj */ = {isa = PBXFileReference; lastKnownFileType = "wrapper.pb-project"; name = iAEPlayer.xcodeproj; path = iAEPlayer/iAEPlayer.xcodeproj; sourceTree = "<group>"; };
		C8E09AEF14D76C2600A905E9 /* AEExtensionStub.xcodeproj */ = {isa = PBXFileReference; lastKnownFileType = "wrapper.pb-project"; name = AEExtensionStub.xcodeproj; path = AEExtensionStub/AEExtensionStub.xcodeproj; sourceTree = "<group>"; };
/* End PBXFileReference section */

/* Begin PBXGroup section */
		C83262DE13C194B70055B8B6 = {
			isa = PBXGroup;
			children = (
				C8E09AEF14D76C2600A905E9 /* AEExtensionStub.xcodeproj */,
				C86DE8B613C6B68A00F5C7B0 /* AEPlayerApp.xcodeproj */,
				C8CD1FCB13C197C20069DB09 /* iAEPlayer.xcodeproj */,
			);
			sourceTree = "<group>";
		};
		C838382D14D7442D00FA3FA6 /* Products */ = {
			isa = PBXGroup;
			children = (
				C838383114D7442D00FA3FA6 /* AEPlayerApp.app */,
			);
			name = Products;
			sourceTree = "<group>";
		};
		C838383814D7442D00FA3FA6 /* Products */ = {
			isa = PBXGroup;
			children = (
				C838383D14D7442D00FA3FA6 /* iAEPlayer.app */,
				C838383F14D7442D00FA3FA6 /* iAEPlayerTests.octest */,
			);
			name = Products;
			sourceTree = "<group>";
		};
		C8E09AF014D76C2600A905E9 /* Products */ = {
			isa = PBXGroup;
			children = (
				C801E8BD14D8CE93001D34E2 /* libCosmicImpact.dylib */,
				C8E09AF414D76C2700A905E9 /* libiCosmicImpact.a */,
			);
			name = Products;
			sourceTree = "<group>";
		};
/* End PBXGroup section */

/* Begin PBXProject section */
		C83262E013C194B70055B8B6 /* Project object */ = {
			isa = PBXProject;
			attributes = {
				LastUpgradeCheck = 0420;
				ORGANIZATIONNAME = NotResponsible.Org.;
			};
			buildConfigurationList = C83262E313C194B70055B8B6 /* Build configuration list for PBXProject "AmbienceEngineSDK" */;
			compatibilityVersion = "Xcode 3.2";
			developmentRegion = English;
			hasScannedForEncodings = 0;
			knownRegions = (
				en,
			);
			mainGroup = C83262DE13C194B70055B8B6;
			projectDirPath = "";
			projectReferences = (
				{
					ProductGroup = C8E09AF014D76C2600A905E9 /* Products */;
					ProjectRef = C8E09AEF14D76C2600A905E9 /* AEExtensionStub.xcodeproj */;
				},
				{
					ProductGroup = C838382D14D7442D00FA3FA6 /* Products */;
					ProjectRef = C86DE8B613C6B68A00F5C7B0 /* AEPlayerApp.xcodeproj */;
				},
				{
					ProductGroup = C838383814D7442D00FA3FA6 /* Products */;
					ProjectRef = C8CD1FCB13C197C20069DB09 /* iAEPlayer.xcodeproj */;
				},
			);
			projectRoot = "";
			targets = (
				C8CD1F7413C1977B0069DB09 /* SDKDistributable */,
			);
		};
/* End PBXProject section */

/* Begin PBXReferenceProxy section */
		C801E8BD14D8CE93001D34E2 /* libCosmicImpact.dylib */ = {
			isa = PBXReferenceProxy;
			fileType = "compiled.mach-o.dylib";
			path = libCosmicImpact.dylib;
			remoteRef = C801E8BC14D8CE93001D34E2 /* PBXContainerItemProxy */;
			sourceTree = BUILT_PRODUCTS_DIR;
		};
		C838383114D7442D00FA3FA6 /* AEPlayerApp.app */ = {
			isa = PBXReferenceProxy;
			fileType = wrapper.application;
			path = AEPlayerApp.app;
			remoteRef = C838383014D7442D00FA3FA6 /* PBXContainerItemProxy */;
			sourceTree = BUILT_PRODUCTS_DIR;
		};
		C838383D14D7442D00FA3FA6 /* iAEPlayer.app */ = {
			isa = PBXReferenceProxy;
			fileType = wrapper.application;
			path = iAEPlayer.app;
			remoteRef = C838383C14D7442D00FA3FA6 /* PBXContainerItemProxy */;
			sourceTree = BUILT_PRODUCTS_DIR;
		};
		C838383F14D7442D00FA3FA6 /* iAEPlayerTests.octest */ = {
			isa = PBXReferenceProxy;
			fileType = wrapper.cfbundle;
			path = iAEPlayerTests.octest;
			remoteRef = C838383E14D7442D00FA3FA6 /* PBXContainerItemProxy */;
			sourceTree = BUILT_PRODUCTS_DIR;
		};
		C8E09AF414D76C2700A905E9 /* libiCosmicImpact.a */ = {
			isa = PBXReferenceProxy;
			fileType = archive.ar;
			path = libiCosmicImpact.a;
			remoteRef = C8E09AF314D76C2700A905E9 /* PBXContainerItemProxy */;
			sourceTree = BUILT_PRODUCTS_DIR;
		};
/* End PBXReferenceProxy section */

/* Begin XCBuildConfiguration section */
		C83262E513C194B70055B8B6 /* Debug */ = {
			isa = XCBuildConfiguration;
			buildSettings = {
				MACOSX_DEPLOYMENT_TARGET = 10.4;
			};
			name = Debug;
		};
		C83262E613C194B70055B8B6 /* Release */ = {
			isa = XCBuildConfiguration;
			buildSettings = {
				MACOSX_DEPLOYMENT_TARGET = 10.4;
			};
			name = Release;
		};
		C8CD1F7613C1977B0069DB09 /* Debug */ = {
			isa = XCBuildConfiguration;
			buildSettings = {
				PRODUCT_NAME = "$(TARGET_NAME)";
			};
			name = Debug;
		};
		C8CD1F7713C1977B0069DB09 /* Release */ = {
			isa = XCBuildConfiguration;
			buildSettings = {
				PRODUCT_NAME = "$(TARGET_NAME)";
			};
			name = Release;
		};
/* End XCBuildConfiguration section */

/* Begin XCConfigurationList section */
		C83262E313C194B70055B8B6 /* Build configuration list for PBXProject "AmbienceEngineSDK" */ = {
			isa = XCConfigurationList;
			buildConfigurations = (
				C83262E513C194B70055B8B6 /* Debug */,
				C83262E613C194B70055B8B6 /* Release */,
			);
			defaultConfigurationIsVisible = 0;
			defaultConfigurationName = Release;
		};
		C8CD1F7513C1977B0069DB09 /* Build configuration list for PBXAggregateTarget "SDKDistributable" */ = {
			isa = XCConfigurationList;
			buildConfigurations = (
				C8CD1F7613C1977B0069DB09 /* Debug */,
				C8CD1F7713C1977B0069DB09 /* Release */,
			);
			defaultConfigurationIsVisible = 0;
			defaultConfigurationName = Release;
		};
/* End XCConfigurationList section */
	};
	rootObject = C83262E013C194B70055B8B6 /* Project object */;
}
